// !$*UTF8*$!
{
	archiveVersion = 1;
	classes = {
	};
	objectVersion = 52;
	objects = {

/* Begin PBXBuildFile section */
		33151F2725499E04006B94A9 /* NanumSquareBold.ttf in Resources */ = {isa = PBXBuildFile; fileRef = 33151F2325499E04006B94A9 /* NanumSquareBold.ttf */; };
		33151F2825499E04006B94A9 /* NanumSquareLight.ttf in Resources */ = {isa = PBXBuildFile; fileRef = 33151F2425499E04006B94A9 /* NanumSquareLight.ttf */; };
		33151F2925499E04006B94A9 /* NanumSquareOTF_acEB.otf in Resources */ = {isa = PBXBuildFile; fileRef = 33151F2525499E04006B94A9 /* NanumSquareOTF_acEB.otf */; };
		33151F2A25499E04006B94A9 /* NanumSquareRegular.ttf in Resources */ = {isa = PBXBuildFile; fileRef = 33151F2625499E04006B94A9 /* NanumSquareRegular.ttf */; };
		33151F3E254A6464006B94A9 /* FilteringController.swift in Sources */ = {isa = PBXBuildFile; fileRef = 33151F3D254A6464006B94A9 /* FilteringController.swift */; };
		33151F43254A6E55006B94A9 /* FilteringTableViewController.swift in Sources */ = {isa = PBXBuildFile; fileRef = 33151F42254A6E55006B94A9 /* FilteringTableViewController.swift */; };
		3322CF7E25539E3B0022ABA6 /* Comment.swift in Sources */ = {isa = PBXBuildFile; fileRef = 3322CF7D25539E3B0022ABA6 /* Comment.swift */; };
		3322CFAA2553B8900022ABA6 /* AppleSignInButton.swift in Sources */ = {isa = PBXBuildFile; fileRef = 3322CFA92553B8900022ABA6 /* AppleSignInButton.swift */; };
		3328A979254B14F600126761 /* EndPointable.swift in Sources */ = {isa = PBXBuildFile; fileRef = 3328A978254B14F600126761 /* EndPointable.swift */; };
		33375C3A2547E70E00E8A8E8 /* AppDelegate.swift in Sources */ = {isa = PBXBuildFile; fileRef = 33375C392547E70E00E8A8E8 /* AppDelegate.swift */; };
		33375C3C2547E70E00E8A8E8 /* SceneDelegate.swift in Sources */ = {isa = PBXBuildFile; fileRef = 33375C3B2547E70E00E8A8E8 /* SceneDelegate.swift */; };
		33375C3E2547E70E00E8A8E8 /* SignInController.swift in Sources */ = {isa = PBXBuildFile; fileRef = 33375C3D2547E70E00E8A8E8 /* SignInController.swift */; };
		33375C412547E70E00E8A8E8 /* Main.storyboard in Resources */ = {isa = PBXBuildFile; fileRef = 33375C3F2547E70E00E8A8E8 /* Main.storyboard */; };
		33375C432547E71000E8A8E8 /* Assets.xcassets in Resources */ = {isa = PBXBuildFile; fileRef = 33375C422547E71000E8A8E8 /* Assets.xcassets */; };
		33375C462547E71000E8A8E8 /* LaunchScreen.storyboard in Resources */ = {isa = PBXBuildFile; fileRef = 33375C442547E71000E8A8E8 /* LaunchScreen.storyboard */; };
		33375C512547E71000E8A8E8 /* IssueTrackerTests.swift in Sources */ = {isa = PBXBuildFile; fileRef = 33375C502547E71000E8A8E8 /* IssueTrackerTests.swift */; };
		33375C5C2547E71000E8A8E8 /* IssueTrackerUITests.swift in Sources */ = {isa = PBXBuildFile; fileRef = 33375C5B2547E71000E8A8E8 /* IssueTrackerUITests.swift */; };
		33375C872547F34A00E8A8E8 /* BackEndOAuthManager.swift in Sources */ = {isa = PBXBuildFile; fileRef = 33375C862547F34A00E8A8E8 /* BackEndOAuthManager.swift */; };
		33375C8C2547F59500E8A8E8 /* Router.swift in Sources */ = {isa = PBXBuildFile; fileRef = 33375C8B2547F59500E8A8E8 /* Router.swift */; };
		33375CB12548595700E8A8E8 /* OAuthManager.swift in Sources */ = {isa = PBXBuildFile; fileRef = 33375CB02548595700E8A8E8 /* OAuthManager.swift */; };
		333FE28D25510BEC000C0F0B /* APICredentials.swift in Sources */ = {isa = PBXBuildFile; fileRef = 333FE28C25510BEC000C0F0B /* APICredentials.swift */; };
		333FE2992551214A000C0F0B /* RegParser.swift in Sources */ = {isa = PBXBuildFile; fileRef = 333FE2982551214A000C0F0B /* RegParser.swift */; };
		333FE2A52551513F000C0F0B /* DetailIssueList.storyboard in Resources */ = {isa = PBXBuildFile; fileRef = 333FE2A42551513F000C0F0B /* DetailIssueList.storyboard */; };
		333FE2AA25515167000C0F0B /* DetailIssueListController.swift in Sources */ = {isa = PBXBuildFile; fileRef = 333FE2A925515167000C0F0B /* DetailIssueListController.swift */; };
		33493B842558339600BB1E11 /* BackEndAPIManager.swift in Sources */ = {isa = PBXBuildFile; fileRef = 33BD8DE52549956B00537960 /* BackEndAPIManager.swift */; };
		33493B882558339F00BB1E11 /* EndPointable.swift in Sources */ = {isa = PBXBuildFile; fileRef = 3328A978254B14F600126761 /* EndPointable.swift */; };
		33493B8C255833A100BB1E11 /* BackEndAPI.swift in Sources */ = {isa = PBXBuildFile; fileRef = 3358A573254D1D5F008CEFA3 /* BackEndAPI.swift */; };
		33493B90255833FE00BB1E11 /* OAuthManager.swift in Sources */ = {isa = PBXBuildFile; fileRef = 33375CB02548595700E8A8E8 /* OAuthManager.swift */; };
		33493B942558340200BB1E11 /* BackEndOAuthManager.swift in Sources */ = {isa = PBXBuildFile; fileRef = 33375C862547F34A00E8A8E8 /* BackEndOAuthManager.swift */; };
		33493B982558340B00BB1E11 /* IssueListViewController.swift in Sources */ = {isa = PBXBuildFile; fileRef = 71531F56254A859F00CCFAE2 /* IssueListViewController.swift */; };
		33493B9D2558449000BB1E11 /* MockRouter.swift in Sources */ = {isa = PBXBuildFile; fileRef = 33493B9C2558449000BB1E11 /* MockRouter.swift */; };
		33493BA2255844D700BB1E11 /* Routable.swift in Sources */ = {isa = PBXBuildFile; fileRef = 33493BA1255844D700BB1E11 /* Routable.swift */; };
		33493BAB255849F200BB1E11 /* JsonFactory.swift in Sources */ = {isa = PBXBuildFile; fileRef = 33493BAA255849F200BB1E11 /* JsonFactory.swift */; };
		33493BB52558581A00BB1E11 /* MockRouter.swift in Sources */ = {isa = PBXBuildFile; fileRef = 33493B9C2558449000BB1E11 /* MockRouter.swift */; };
		33493BB92558581D00BB1E11 /* JsonFactory.swift in Sources */ = {isa = PBXBuildFile; fileRef = 33493BAA255849F200BB1E11 /* JsonFactory.swift */; };
		33493BC02558589200BB1E11 /* Routable.swift in Sources */ = {isa = PBXBuildFile; fileRef = 33493BA1255844D700BB1E11 /* Routable.swift */; };
		33493BC4255858A000BB1E11 /* IssueInfo.swift in Sources */ = {isa = PBXBuildFile; fileRef = 3393E0BC2552AACC003DCDA4 /* IssueInfo.swift */; };
		33493BC8255858AD00BB1E11 /* FilterInfo.swift in Sources */ = {isa = PBXBuildFile; fileRef = 3358A5C4254FE724008CEFA3 /* FilterInfo.swift */; };
		33493BCC255858B200BB1E11 /* APICredentials.swift in Sources */ = {isa = PBXBuildFile; fileRef = 333FE28C25510BEC000C0F0B /* APICredentials.swift */; };
		33493BD0255858B800BB1E11 /* IssueCell.swift in Sources */ = {isa = PBXBuildFile; fileRef = 3393E0D125530B33003DCDA4 /* IssueCell.swift */; };
		33493BD42558592C00BB1E11 /* Label.swift in Sources */ = {isa = PBXBuildFile; fileRef = 3358A5AC254FDDFB008CEFA3 /* Label.swift */; };
		33493BD82558593700BB1E11 /* Author.swift in Sources */ = {isa = PBXBuildFile; fileRef = 3358A5C9254FE86B008CEFA3 /* Author.swift */; };
		33493BDC2558593A00BB1E11 /* Milestone.swift in Sources */ = {isa = PBXBuildFile; fileRef = 3358A5B1254FE462008CEFA3 /* Milestone.swift */; };
		33493BE02558593E00BB1E11 /* Assignees.swift in Sources */ = {isa = PBXBuildFile; fileRef = 3358A5B9254FE5AD008CEFA3 /* Assignees.swift */; };
		33493BE42558594000BB1E11 /* Comment.swift in Sources */ = {isa = PBXBuildFile; fileRef = 3322CF7D25539E3B0022ABA6 /* Comment.swift */; };
		33493BE82558596500BB1E11 /* NotificationName.swift in Sources */ = {isa = PBXBuildFile; fileRef = 33BD8DD2254989E100537960 /* NotificationName.swift */; };
		33493BEC2558596B00BB1E11 /* FilteringController.swift in Sources */ = {isa = PBXBuildFile; fileRef = 33151F3D254A6464006B94A9 /* FilteringController.swift */; };
		33493BF02558597200BB1E11 /* UIButton+.swift in Sources */ = {isa = PBXBuildFile; fileRef = 71531F5F254A88F000CCFAE2 /* UIButton+.swift */; };
		33493BF42558598000BB1E11 /* FilteringTableViewController.swift in Sources */ = {isa = PBXBuildFile; fileRef = 33151F42254A6E55006B94A9 /* FilteringTableViewController.swift */; };
		33493BF82558599600BB1E11 /* DetailConditionTableViewController.swift in Sources */ = {isa = PBXBuildFile; fileRef = 3358A592254EEBDF008CEFA3 /* DetailConditionTableViewController.swift */; };
		33493B49255662B100BB1E11 /* IssueCellContentView.swift in Sources */ = {isa = PBXBuildFile; fileRef = 33493B48255662B100BB1E11 /* IssueCellContentView.swift */; };
		33493B4E2556632800BB1E11 /* IssueCellContentView.xib in Resources */ = {isa = PBXBuildFile; fileRef = 33493B4D2556632800BB1E11 /* IssueCellContentView.xib */; };
		3358A56C254D1C95008CEFA3 /* GithubAPIManager.swift in Sources */ = {isa = PBXBuildFile; fileRef = 3358A56B254D1C95008CEFA3 /* GithubAPIManager.swift */; };
		3358A574254D1D5F008CEFA3 /* BackEndAPI.swift in Sources */ = {isa = PBXBuildFile; fileRef = 3358A573254D1D5F008CEFA3 /* BackEndAPI.swift */; };
		3358A57C254ED757008CEFA3 /* StoryboardID.swift in Sources */ = {isa = PBXBuildFile; fileRef = 3358A57B254ED757008CEFA3 /* StoryboardID.swift */; };
		3358A581254ED7D3008CEFA3 /* Filter.storyboard in Resources */ = {isa = PBXBuildFile; fileRef = 3358A580254ED7D3008CEFA3 /* Filter.storyboard */; };
		3358A593254EEBDF008CEFA3 /* DetailConditionTableViewController.swift in Sources */ = {isa = PBXBuildFile; fileRef = 3358A592254EEBDF008CEFA3 /* DetailConditionTableViewController.swift */; };
		3358A5AD254FDDFB008CEFA3 /* Label.swift in Sources */ = {isa = PBXBuildFile; fileRef = 3358A5AC254FDDFB008CEFA3 /* Label.swift */; };
		3358A5B2254FE462008CEFA3 /* Milestone.swift in Sources */ = {isa = PBXBuildFile; fileRef = 3358A5B1254FE462008CEFA3 /* Milestone.swift */; };
		3358A5BA254FE5AD008CEFA3 /* Assignees.swift in Sources */ = {isa = PBXBuildFile; fileRef = 3358A5B9254FE5AD008CEFA3 /* Assignees.swift */; };
		3358A5C5254FE724008CEFA3 /* FilterInfo.swift in Sources */ = {isa = PBXBuildFile; fileRef = 3358A5C4254FE724008CEFA3 /* FilterInfo.swift */; };
		3358A5CA254FE86B008CEFA3 /* Author.swift in Sources */ = {isa = PBXBuildFile; fileRef = 3358A5C9254FE86B008CEFA3 /* Author.swift */; };
		3393E09525523D29003DCDA4 /* CardView.swift in Sources */ = {isa = PBXBuildFile; fileRef = 3393E09425523D29003DCDA4 /* CardView.swift */; };
		3393E09A25523D38003DCDA4 /* CardView.xib in Resources */ = {isa = PBXBuildFile; fileRef = 3393E09925523D38003DCDA4 /* CardView.xib */; };
		3393E0AC2552698C003DCDA4 /* UIView+.swift in Sources */ = {isa = PBXBuildFile; fileRef = 3393E0AB2552698C003DCDA4 /* UIView+.swift */; };
		3393E0BD2552AACC003DCDA4 /* IssueInfo.swift in Sources */ = {isa = PBXBuildFile; fileRef = 3393E0BC2552AACC003DCDA4 /* IssueInfo.swift */; };
		3393E0CC255301CB003DCDA4 /* CustomSearchBar.swift in Sources */ = {isa = PBXBuildFile; fileRef = 3393E0CB255301CA003DCDA4 /* CustomSearchBar.swift */; };
		3393E0D225530B33003DCDA4 /* IssueCell.swift in Sources */ = {isa = PBXBuildFile; fileRef = 3393E0D125530B33003DCDA4 /* IssueCell.swift */; };
		3398929925493ADD00D9FB63 /* Router.swift in Sources */ = {isa = PBXBuildFile; fileRef = 33375C8B2547F59500E8A8E8 /* Router.swift */; };
		339892A125497CB400D9FB63 /* UserDefault.swift in Sources */ = {isa = PBXBuildFile; fileRef = 339892A025497CB400D9FB63 /* UserDefault.swift */; };
		339892B22549876B00D9FB63 /* UserInfo.swift in Sources */ = {isa = PBXBuildFile; fileRef = 339892B12549876B00D9FB63 /* UserInfo.swift */; };
		339F611E2553FF7B00FDB2A9 /* DetailIssueCell.swift in Sources */ = {isa = PBXBuildFile; fileRef = 339F611D2553FF7B00FDB2A9 /* DetailIssueCell.swift */; };
		33A108E32553DF54007F1BB2 /* DetailIssueInfo.swift in Sources */ = {isa = PBXBuildFile; fileRef = 33A108E22553DF54007F1BB2 /* DetailIssueInfo.swift */; };
		33BD8DD3254989E100537960 /* NotificationName.swift in Sources */ = {isa = PBXBuildFile; fileRef = 33BD8DD2254989E100537960 /* NotificationName.swift */; };
		33BD8DDA25498DC000537960 /* UserInfo.swift in Sources */ = {isa = PBXBuildFile; fileRef = 339892B12549876B00D9FB63 /* UserInfo.swift */; };
		33BD8DDE25498E0300537960 /* UserDefault.swift in Sources */ = {isa = PBXBuildFile; fileRef = 339892A025497CB400D9FB63 /* UserDefault.swift */; };
		33BD8DE62549956B00537960 /* BackEndAPIManager.swift in Sources */ = {isa = PBXBuildFile; fileRef = 33BD8DE52549956B00537960 /* BackEndAPIManager.swift */; };
		712CBEA12550032F00E8F95F /* RegisterIssue.storyboard in Resources */ = {isa = PBXBuildFile; fileRef = 712CBEA02550032F00E8F95F /* RegisterIssue.storyboard */; };
		712CBEA6255008B700E8F95F /* RegisterIssueViewController.swift in Sources */ = {isa = PBXBuildFile; fileRef = 712CBEA5255008B700E8F95F /* RegisterIssueViewController.swift */; };
		7130A690255163A700EE2141 /* ManageLabel.storyboard in Resources */ = {isa = PBXBuildFile; fileRef = 7130A68F255163A700EE2141 /* ManageLabel.storyboard */; };
		7130A69525516AC500EE2141 /* ManageLabelViewController.swift in Sources */ = {isa = PBXBuildFile; fileRef = 7130A69425516AC500EE2141 /* ManageLabelViewController.swift */; };
		7130A6A025527E8900EE2141 /* ManageLabelModalView.swift in Sources */ = {isa = PBXBuildFile; fileRef = 7130A69F25527E8900EE2141 /* ManageLabelModalView.swift */; };
		7130A6B525528B2D00EE2141 /* ManageLabelModalViewController.swift in Sources */ = {isa = PBXBuildFile; fileRef = 7130A6B425528B2D00EE2141 /* ManageLabelModalViewController.swift */; };
		7130A6CC2552A2A700EE2141 /* UIColor+.swift in Sources */ = {isa = PBXBuildFile; fileRef = 7130A6CB2552A2A700EE2141 /* UIColor+.swift */; };
		7130A6D12552CD0F00EE2141 /* InputValidator.swift in Sources */ = {isa = PBXBuildFile; fileRef = 7130A6D02552CD0F00EE2141 /* InputValidator.swift */; };
		71531F57254A859F00CCFAE2 /* IssueListViewController.swift in Sources */ = {isa = PBXBuildFile; fileRef = 71531F56254A859F00CCFAE2 /* IssueListViewController.swift */; };
		71531F60254A88F000CCFAE2 /* UIButton+.swift in Sources */ = {isa = PBXBuildFile; fileRef = 71531F5F254A88F000CCFAE2 /* UIButton+.swift */; };
		718C388E2553E6E1002E4903 /* ManageMilestone.storyboard in Resources */ = {isa = PBXBuildFile; fileRef = 718C388D2553E6E1002E4903 /* ManageMilestone.storyboard */; };
		718C38932553E6FB002E4903 /* ManageMilestoneViewController.swift in Sources */ = {isa = PBXBuildFile; fileRef = 718C38922553E6FB002E4903 /* ManageMilestoneViewController.swift */; };
		718C38982553E716002E4903 /* ManageMilestoneModalView.swift in Sources */ = {isa = PBXBuildFile; fileRef = 718C38972553E716002E4903 /* ManageMilestoneModalView.swift */; };
		718C389D2553E72E002E4903 /* ManageMilestoneModalViewController.swift in Sources */ = {isa = PBXBuildFile; fileRef = 718C389C2553E72E002E4903 /* ManageMilestoneModalViewController.swift */; };
		718C38A52553FC3F002E4903 /* String+.swift in Sources */ = {isa = PBXBuildFile; fileRef = 718C38A42553FC3F002E4903 /* String+.swift */; };
		718C38AA2553FC5C002E4903 /* UITextField+.swift in Sources */ = {isa = PBXBuildFile; fileRef = 718C38A92553FC5C002E4903 /* UITextField+.swift */; };
		719453B3254AAF6600A5864E /* IssueList.storyboard in Resources */ = {isa = PBXBuildFile; fileRef = 719453B2254AAF6600A5864E /* IssueList.storyboard */; };
		71969BDE25510D4F00C96CE2 /* MarkdownView in Frameworks */ = {isa = PBXBuildFile; productRef = 71969BDD25510D4F00C96CE2 /* MarkdownView */; };
/* End PBXBuildFile section */

/* Begin PBXContainerItemProxy section */
		33375C4D2547E71000E8A8E8 /* PBXContainerItemProxy */ = {
			isa = PBXContainerItemProxy;
			containerPortal = 33375C2E2547E70E00E8A8E8 /* Project object */;
			proxyType = 1;
			remoteGlobalIDString = 33375C352547E70E00E8A8E8;
			remoteInfo = IssueTracker;
		};
		33375C582547E71000E8A8E8 /* PBXContainerItemProxy */ = {
			isa = PBXContainerItemProxy;
			containerPortal = 33375C2E2547E70E00E8A8E8 /* Project object */;
			proxyType = 1;
			remoteGlobalIDString = 33375C352547E70E00E8A8E8;
			remoteInfo = IssueTracker;
		};
/* End PBXContainerItemProxy section */

/* Begin PBXFileReference section */
		33151F2325499E04006B94A9 /* NanumSquareBold.ttf */ = {isa = PBXFileReference; lastKnownFileType = file; path = NanumSquareBold.ttf; sourceTree = "<group>"; };
		33151F2425499E04006B94A9 /* NanumSquareLight.ttf */ = {isa = PBXFileReference; lastKnownFileType = file; path = NanumSquareLight.ttf; sourceTree = "<group>"; };
		33151F2525499E04006B94A9 /* NanumSquareOTF_acEB.otf */ = {isa = PBXFileReference; lastKnownFileType = file; path = NanumSquareOTF_acEB.otf; sourceTree = "<group>"; };
		33151F2625499E04006B94A9 /* NanumSquareRegular.ttf */ = {isa = PBXFileReference; lastKnownFileType = file; path = NanumSquareRegular.ttf; sourceTree = "<group>"; };
		33151F3D254A6464006B94A9 /* FilteringController.swift */ = {isa = PBXFileReference; lastKnownFileType = sourcecode.swift; path = FilteringController.swift; sourceTree = "<group>"; };
		33151F42254A6E55006B94A9 /* FilteringTableViewController.swift */ = {isa = PBXFileReference; lastKnownFileType = sourcecode.swift; path = FilteringTableViewController.swift; sourceTree = "<group>"; };
		3322CF7D25539E3B0022ABA6 /* Comment.swift */ = {isa = PBXFileReference; lastKnownFileType = sourcecode.swift; path = Comment.swift; sourceTree = "<group>"; };
		3322CFA92553B8900022ABA6 /* AppleSignInButton.swift */ = {isa = PBXFileReference; fileEncoding = 4; lastKnownFileType = sourcecode.swift; path = AppleSignInButton.swift; sourceTree = "<group>"; };
		3328A978254B14F600126761 /* EndPointable.swift */ = {isa = PBXFileReference; lastKnownFileType = sourcecode.swift; path = EndPointable.swift; sourceTree = "<group>"; };
		33375C362547E70E00E8A8E8 /* IssueTracker.app */ = {isa = PBXFileReference; explicitFileType = wrapper.application; includeInIndex = 0; path = IssueTracker.app; sourceTree = BUILT_PRODUCTS_DIR; };
		33375C392547E70E00E8A8E8 /* AppDelegate.swift */ = {isa = PBXFileReference; lastKnownFileType = sourcecode.swift; path = AppDelegate.swift; sourceTree = "<group>"; };
		33375C3B2547E70E00E8A8E8 /* SceneDelegate.swift */ = {isa = PBXFileReference; lastKnownFileType = sourcecode.swift; path = SceneDelegate.swift; sourceTree = "<group>"; };
		33375C3D2547E70E00E8A8E8 /* SignInController.swift */ = {isa = PBXFileReference; lastKnownFileType = sourcecode.swift; path = SignInController.swift; sourceTree = "<group>"; };
		33375C402547E70E00E8A8E8 /* Base */ = {isa = PBXFileReference; lastKnownFileType = file.storyboard; name = Base; path = Base.lproj/Main.storyboard; sourceTree = "<group>"; };
		33375C422547E71000E8A8E8 /* Assets.xcassets */ = {isa = PBXFileReference; lastKnownFileType = folder.assetcatalog; path = Assets.xcassets; sourceTree = "<group>"; };
		33375C452547E71000E8A8E8 /* Base */ = {isa = PBXFileReference; lastKnownFileType = file.storyboard; name = Base; path = Base.lproj/LaunchScreen.storyboard; sourceTree = "<group>"; };
		33375C472547E71000E8A8E8 /* Info.plist */ = {isa = PBXFileReference; lastKnownFileType = text.plist.xml; path = Info.plist; sourceTree = "<group>"; };
		33375C4C2547E71000E8A8E8 /* IssueTrackerTests.xctest */ = {isa = PBXFileReference; explicitFileType = wrapper.cfbundle; includeInIndex = 0; path = IssueTrackerTests.xctest; sourceTree = BUILT_PRODUCTS_DIR; };
		33375C502547E71000E8A8E8 /* IssueTrackerTests.swift */ = {isa = PBXFileReference; lastKnownFileType = sourcecode.swift; path = IssueTrackerTests.swift; sourceTree = "<group>"; };
		33375C522547E71000E8A8E8 /* Info.plist */ = {isa = PBXFileReference; lastKnownFileType = text.plist.xml; path = Info.plist; sourceTree = "<group>"; };
		33375C572547E71000E8A8E8 /* IssueTrackerUITests.xctest */ = {isa = PBXFileReference; explicitFileType = wrapper.cfbundle; includeInIndex = 0; path = IssueTrackerUITests.xctest; sourceTree = BUILT_PRODUCTS_DIR; };
		33375C5B2547E71000E8A8E8 /* IssueTrackerUITests.swift */ = {isa = PBXFileReference; lastKnownFileType = sourcecode.swift; path = IssueTrackerUITests.swift; sourceTree = "<group>"; };
		33375C5D2547E71000E8A8E8 /* Info.plist */ = {isa = PBXFileReference; lastKnownFileType = text.plist.xml; path = Info.plist; sourceTree = "<group>"; };
		33375C862547F34A00E8A8E8 /* BackEndOAuthManager.swift */ = {isa = PBXFileReference; lastKnownFileType = sourcecode.swift; path = BackEndOAuthManager.swift; sourceTree = "<group>"; };
		33375C8B2547F59500E8A8E8 /* Router.swift */ = {isa = PBXFileReference; lastKnownFileType = sourcecode.swift; path = Router.swift; sourceTree = "<group>"; };
		33375C93254810F200E8A8E8 /* IssueTracker.entitlements */ = {isa = PBXFileReference; lastKnownFileType = text.plist.entitlements; path = IssueTracker.entitlements; sourceTree = "<group>"; };
		33375CB02548595700E8A8E8 /* OAuthManager.swift */ = {isa = PBXFileReference; lastKnownFileType = sourcecode.swift; path = OAuthManager.swift; sourceTree = "<group>"; };
		333FE28C25510BEC000C0F0B /* APICredentials.swift */ = {isa = PBXFileReference; fileEncoding = 4; lastKnownFileType = sourcecode.swift; path = APICredentials.swift; sourceTree = "<group>"; };
		333FE2982551214A000C0F0B /* RegParser.swift */ = {isa = PBXFileReference; lastKnownFileType = sourcecode.swift; path = RegParser.swift; sourceTree = "<group>"; };
		333FE2A42551513F000C0F0B /* DetailIssueList.storyboard */ = {isa = PBXFileReference; lastKnownFileType = file.storyboard; path = DetailIssueList.storyboard; sourceTree = "<group>"; };
		333FE2A925515167000C0F0B /* DetailIssueListController.swift */ = {isa = PBXFileReference; lastKnownFileType = sourcecode.swift; path = DetailIssueListController.swift; sourceTree = "<group>"; };
		33493B9C2558449000BB1E11 /* MockRouter.swift */ = {isa = PBXFileReference; lastKnownFileType = sourcecode.swift; path = MockRouter.swift; sourceTree = "<group>"; };
		33493BA1255844D700BB1E11 /* Routable.swift */ = {isa = PBXFileReference; lastKnownFileType = sourcecode.swift; path = Routable.swift; sourceTree = "<group>"; };
		33493BAA255849F200BB1E11 /* JsonFactory.swift */ = {isa = PBXFileReference; lastKnownFileType = sourcecode.swift; path = JsonFactory.swift; sourceTree = "<group>"; };
		33493B48255662B100BB1E11 /* IssueCellContentView.swift */ = {isa = PBXFileReference; lastKnownFileType = sourcecode.swift; path = IssueCellContentView.swift; sourceTree = "<group>"; };
		33493B4D2556632800BB1E11 /* IssueCellContentView.xib */ = {isa = PBXFileReference; lastKnownFileType = file.xib; path = IssueCellContentView.xib; sourceTree = "<group>"; };
		3358A56B254D1C95008CEFA3 /* GithubAPIManager.swift */ = {isa = PBXFileReference; lastKnownFileType = sourcecode.swift; path = GithubAPIManager.swift; sourceTree = "<group>"; };
		3358A573254D1D5F008CEFA3 /* BackEndAPI.swift */ = {isa = PBXFileReference; lastKnownFileType = sourcecode.swift; path = BackEndAPI.swift; sourceTree = "<group>"; };
		3358A57B254ED757008CEFA3 /* StoryboardID.swift */ = {isa = PBXFileReference; lastKnownFileType = sourcecode.swift; path = StoryboardID.swift; sourceTree = "<group>"; };
		3358A580254ED7D3008CEFA3 /* Filter.storyboard */ = {isa = PBXFileReference; lastKnownFileType = file.storyboard; path = Filter.storyboard; sourceTree = "<group>"; };
		3358A592254EEBDF008CEFA3 /* DetailConditionTableViewController.swift */ = {isa = PBXFileReference; lastKnownFileType = sourcecode.swift; path = DetailConditionTableViewController.swift; sourceTree = "<group>"; };
		3358A5AC254FDDFB008CEFA3 /* Label.swift */ = {isa = PBXFileReference; lastKnownFileType = sourcecode.swift; path = Label.swift; sourceTree = "<group>"; };
		3358A5B1254FE462008CEFA3 /* Milestone.swift */ = {isa = PBXFileReference; lastKnownFileType = sourcecode.swift; path = Milestone.swift; sourceTree = "<group>"; };
		3358A5B9254FE5AD008CEFA3 /* Assignees.swift */ = {isa = PBXFileReference; lastKnownFileType = sourcecode.swift; path = Assignees.swift; sourceTree = "<group>"; };
		3358A5C4254FE724008CEFA3 /* FilterInfo.swift */ = {isa = PBXFileReference; lastKnownFileType = sourcecode.swift; path = FilterInfo.swift; sourceTree = "<group>"; };
		3358A5C9254FE86B008CEFA3 /* Author.swift */ = {isa = PBXFileReference; lastKnownFileType = sourcecode.swift; path = Author.swift; sourceTree = "<group>"; };
		3393E09425523D29003DCDA4 /* CardView.swift */ = {isa = PBXFileReference; lastKnownFileType = sourcecode.swift; path = CardView.swift; sourceTree = "<group>"; };
		3393E09925523D38003DCDA4 /* CardView.xib */ = {isa = PBXFileReference; lastKnownFileType = file.xib; path = CardView.xib; sourceTree = "<group>"; };
		3393E0AB2552698C003DCDA4 /* UIView+.swift */ = {isa = PBXFileReference; lastKnownFileType = sourcecode.swift; path = "UIView+.swift"; sourceTree = "<group>"; };
		3393E0BC2552AACC003DCDA4 /* IssueInfo.swift */ = {isa = PBXFileReference; lastKnownFileType = sourcecode.swift; path = IssueInfo.swift; sourceTree = "<group>"; };
		3393E0CB255301CA003DCDA4 /* CustomSearchBar.swift */ = {isa = PBXFileReference; lastKnownFileType = sourcecode.swift; path = CustomSearchBar.swift; sourceTree = "<group>"; };
		3393E0D125530B33003DCDA4 /* IssueCell.swift */ = {isa = PBXFileReference; lastKnownFileType = sourcecode.swift; path = IssueCell.swift; sourceTree = "<group>"; };
		339892A025497CB400D9FB63 /* UserDefault.swift */ = {isa = PBXFileReference; lastKnownFileType = sourcecode.swift; path = UserDefault.swift; sourceTree = "<group>"; };
		339892B12549876B00D9FB63 /* UserInfo.swift */ = {isa = PBXFileReference; lastKnownFileType = sourcecode.swift; path = UserInfo.swift; sourceTree = "<group>"; };
		339F611D2553FF7B00FDB2A9 /* DetailIssueCell.swift */ = {isa = PBXFileReference; fileEncoding = 4; lastKnownFileType = sourcecode.swift; path = DetailIssueCell.swift; sourceTree = "<group>"; };
		33A108E22553DF54007F1BB2 /* DetailIssueInfo.swift */ = {isa = PBXFileReference; lastKnownFileType = sourcecode.swift; path = DetailIssueInfo.swift; sourceTree = "<group>"; };
		33BD8DD2254989E100537960 /* NotificationName.swift */ = {isa = PBXFileReference; lastKnownFileType = sourcecode.swift; path = NotificationName.swift; sourceTree = "<group>"; };
		33BD8DE52549956B00537960 /* BackEndAPIManager.swift */ = {isa = PBXFileReference; lastKnownFileType = sourcecode.swift; path = BackEndAPIManager.swift; sourceTree = "<group>"; };
		712CBEA02550032F00E8F95F /* RegisterIssue.storyboard */ = {isa = PBXFileReference; lastKnownFileType = file.storyboard; path = RegisterIssue.storyboard; sourceTree = "<group>"; };
		712CBEA5255008B700E8F95F /* RegisterIssueViewController.swift */ = {isa = PBXFileReference; lastKnownFileType = sourcecode.swift; path = RegisterIssueViewController.swift; sourceTree = "<group>"; };
		7130A68F255163A700EE2141 /* ManageLabel.storyboard */ = {isa = PBXFileReference; lastKnownFileType = file.storyboard; path = ManageLabel.storyboard; sourceTree = "<group>"; };
		7130A69425516AC500EE2141 /* ManageLabelViewController.swift */ = {isa = PBXFileReference; lastKnownFileType = sourcecode.swift; path = ManageLabelViewController.swift; sourceTree = "<group>"; };
		7130A69F25527E8900EE2141 /* ManageLabelModalView.swift */ = {isa = PBXFileReference; lastKnownFileType = sourcecode.swift; path = ManageLabelModalView.swift; sourceTree = "<group>"; };
		7130A6B425528B2D00EE2141 /* ManageLabelModalViewController.swift */ = {isa = PBXFileReference; lastKnownFileType = sourcecode.swift; path = ManageLabelModalViewController.swift; sourceTree = "<group>"; };
		7130A6CB2552A2A700EE2141 /* UIColor+.swift */ = {isa = PBXFileReference; lastKnownFileType = sourcecode.swift; path = "UIColor+.swift"; sourceTree = "<group>"; };
		7130A6D02552CD0F00EE2141 /* InputValidator.swift */ = {isa = PBXFileReference; lastKnownFileType = sourcecode.swift; path = InputValidator.swift; sourceTree = "<group>"; };
		71531F56254A859F00CCFAE2 /* IssueListViewController.swift */ = {isa = PBXFileReference; lastKnownFileType = sourcecode.swift; path = IssueListViewController.swift; sourceTree = "<group>"; };
		71531F5F254A88F000CCFAE2 /* UIButton+.swift */ = {isa = PBXFileReference; lastKnownFileType = sourcecode.swift; path = "UIButton+.swift"; sourceTree = "<group>"; };
		718C388D2553E6E1002E4903 /* ManageMilestone.storyboard */ = {isa = PBXFileReference; lastKnownFileType = file.storyboard; path = ManageMilestone.storyboard; sourceTree = "<group>"; };
		718C38922553E6FB002E4903 /* ManageMilestoneViewController.swift */ = {isa = PBXFileReference; lastKnownFileType = sourcecode.swift; path = ManageMilestoneViewController.swift; sourceTree = "<group>"; };
		718C38972553E716002E4903 /* ManageMilestoneModalView.swift */ = {isa = PBXFileReference; lastKnownFileType = sourcecode.swift; path = ManageMilestoneModalView.swift; sourceTree = "<group>"; };
		718C389C2553E72E002E4903 /* ManageMilestoneModalViewController.swift */ = {isa = PBXFileReference; lastKnownFileType = sourcecode.swift; path = ManageMilestoneModalViewController.swift; sourceTree = "<group>"; };
		718C38A42553FC3F002E4903 /* String+.swift */ = {isa = PBXFileReference; lastKnownFileType = sourcecode.swift; path = "String+.swift"; sourceTree = "<group>"; };
		718C38A92553FC5C002E4903 /* UITextField+.swift */ = {isa = PBXFileReference; lastKnownFileType = sourcecode.swift; path = "UITextField+.swift"; sourceTree = "<group>"; };
		719453B2254AAF6600A5864E /* IssueList.storyboard */ = {isa = PBXFileReference; lastKnownFileType = file.storyboard; path = IssueList.storyboard; sourceTree = "<group>"; };
/* End PBXFileReference section */

/* Begin PBXFrameworksBuildPhase section */
		33375C332547E70E00E8A8E8 /* Frameworks */ = {
			isa = PBXFrameworksBuildPhase;
			buildActionMask = 2147483647;
			files = (
				71969BDE25510D4F00C96CE2 /* MarkdownView in Frameworks */,
			);
			runOnlyForDeploymentPostprocessing = 0;
		};
		33375C492547E71000E8A8E8 /* Frameworks */ = {
			isa = PBXFrameworksBuildPhase;
			buildActionMask = 2147483647;
			files = (
			);
			runOnlyForDeploymentPostprocessing = 0;
		};
		33375C542547E71000E8A8E8 /* Frameworks */ = {
			isa = PBXFrameworksBuildPhase;
			buildActionMask = 2147483647;
			files = (
			);
			runOnlyForDeploymentPostprocessing = 0;
		};
/* End PBXFrameworksBuildPhase section */

/* Begin PBXGroup section */
		33151F2E25499E2C006B94A9 /* Resource */ = {
			isa = PBXGroup;
			children = (
				33375C422547E71000E8A8E8 /* Assets.xcassets */,
				33151F2325499E04006B94A9 /* NanumSquareBold.ttf */,
				33151F2425499E04006B94A9 /* NanumSquareLight.ttf */,
				33151F2525499E04006B94A9 /* NanumSquareOTF_acEB.otf */,
				33151F2625499E04006B94A9 /* NanumSquareRegular.ttf */,
			);
			path = Resource;
			sourceTree = "<group>";
		};
		3328A97D254B153E00126761 /* EndPoint */ = {
			isa = PBXGroup;
			children = (
				3328A978254B14F600126761 /* EndPointable.swift */,
				3358A573254D1D5F008CEFA3 /* BackEndAPI.swift */,
			);
			path = EndPoint;
			sourceTree = "<group>";
		};
		3328A986254B15C000126761 /* Service */ = {
			isa = PBXGroup;
			children = (
				33493BA1255844D700BB1E11 /* Routable.swift */,
				33375C8B2547F59500E8A8E8 /* Router.swift */,
			);
			path = Service;
			sourceTree = "<group>";
		};
		33375C2D2547E70E00E8A8E8 = {
			isa = PBXGroup;
			children = (
				33375C382547E70E00E8A8E8 /* IssueTracker */,
				33375C4F2547E71000E8A8E8 /* IssueTrackerTests */,
				33375C5A2547E71000E8A8E8 /* IssueTrackerUITests */,
				33375C372547E70E00E8A8E8 /* Products */,
			);
			sourceTree = "<group>";
		};
		33375C372547E70E00E8A8E8 /* Products */ = {
			isa = PBXGroup;
			children = (
				33375C362547E70E00E8A8E8 /* IssueTracker.app */,
				33375C4C2547E71000E8A8E8 /* IssueTrackerTests.xctest */,
				33375C572547E71000E8A8E8 /* IssueTrackerUITests.xctest */,
			);
			name = Products;
			sourceTree = "<group>";
		};
		33375C382547E70E00E8A8E8 /* IssueTracker */ = {
			isa = PBXGroup;
			children = (
				33375C93254810F200E8A8E8 /* IssueTracker.entitlements */,
				71531F5E254A88E100CCFAE2 /* Extension */,
				33375C712547ECF000E8A8E8 /* SupportingFile */,
				33375C9725483D6A00E8A8E8 /* Constant */,
				33375C7A2547F0C000E8A8E8 /* Model */,
				33375C6F2547EC7C00E8A8E8 /* Controller */,
				33375CB5254879B200E8A8E8 /* View */,
			);
			path = IssueTracker;
			sourceTree = "<group>";
		};
		33375C4F2547E71000E8A8E8 /* IssueTrackerTests */ = {
			isa = PBXGroup;
			children = (
				33375C502547E71000E8A8E8 /* IssueTrackerTests.swift */,
				33375C522547E71000E8A8E8 /* Info.plist */,
			);
			path = IssueTrackerTests;
			sourceTree = "<group>";
		};
		33375C5A2547E71000E8A8E8 /* IssueTrackerUITests */ = {
			isa = PBXGroup;
			children = (
				33375C5B2547E71000E8A8E8 /* IssueTrackerUITests.swift */,
				33375C5D2547E71000E8A8E8 /* Info.plist */,
			);
			path = IssueTrackerUITests;
			sourceTree = "<group>";
		};
		33375C6F2547EC7C00E8A8E8 /* Controller */ = {
			isa = PBXGroup;
			children = (
				718C388C2553E6D2002E4903 /* ManageMilestone */,
				712CBE9F255002D100E8F95F /* RegisterIssue */,
				7130A68E2551636900EE2141 /* ManageLabel */,
				3358A589254EDEDA008CEFA3 /* SignIn */,
				3358A58D254EDEED008CEFA3 /* IssueList */,
				333FE2A325515111000C0F0B /* DetailIssueList */,
				3358A58E254EDEFF008CEFA3 /* Filter */,
			);
			path = Controller;
			sourceTree = "<group>";
		};
		33375C712547ECF000E8A8E8 /* SupportingFile */ = {
			isa = PBXGroup;
			children = (
				33151F2E25499E2C006B94A9 /* Resource */,
				33375C732547ED6A00E8A8E8 /* App */,
				33375C722547ED5700E8A8E8 /* Storyboard */,
				33375C472547E71000E8A8E8 /* Info.plist */,
			);
			path = SupportingFile;
			sourceTree = "<group>";
		};
		33375C722547ED5700E8A8E8 /* Storyboard */ = {
			isa = PBXGroup;
			children = (
				33375C3F2547E70E00E8A8E8 /* Main.storyboard */,
				33375C442547E71000E8A8E8 /* LaunchScreen.storyboard */,
			);
			path = Storyboard;
			sourceTree = "<group>";
		};
		33375C732547ED6A00E8A8E8 /* App */ = {
			isa = PBXGroup;
			children = (
				33375C392547E70E00E8A8E8 /* AppDelegate.swift */,
				33375C3B2547E70E00E8A8E8 /* SceneDelegate.swift */,
			);
			path = App;
			sourceTree = "<group>";
		};
		33375C7A2547F0C000E8A8E8 /* Model */ = {
			isa = PBXGroup;
			children = (
				33375CBB2548839000E8A8E8 /* ValueObject */,
				3358A5BF254FE68C008CEFA3 /* UserInfo */,
				33BD8DE2254994A700537960 /* Network */,
				33BD8DE32549950000537960 /* OAuth */,
				33BD8DE42549955300537960 /* APIManager */,
				7130A6D02552CD0F00EE2141 /* InputValidator.swift */,
			);
			path = Model;
			sourceTree = "<group>";
		};
		33375C9725483D6A00E8A8E8 /* Constant */ = {
			isa = PBXGroup;
			children = (
				333FE28C25510BEC000C0F0B /* APICredentials.swift */,
				33BD8DD2254989E100537960 /* NotificationName.swift */,
				3358A57B254ED757008CEFA3 /* StoryboardID.swift */,
			);
			path = Constant;
			sourceTree = "<group>";
		};
		33375CB5254879B200E8A8E8 /* View */ = {
			isa = PBXGroup;
			children = (
				33493B552557CE0A00BB1E11 /* SearchBar */,
				3393E0A6255253C2003DCDA4 /* AppleSignInButton */,
				3393E0A2255249EB003DCDA4 /* CardView */,
				3393E0D025530B0B003DCDA4 /* Cell */,
			);
			path = View;
			sourceTree = "<group>";
		};
		33375CBB2548839000E8A8E8 /* ValueObject */ = {
			isa = PBXGroup;
			children = (
				3393E0BC2552AACC003DCDA4 /* IssueInfo.swift */,
				33A108E22553DF54007F1BB2 /* DetailIssueInfo.swift */,
				3358A5C4254FE724008CEFA3 /* FilterInfo.swift */,
				3358A5DD2550382E008CEFA3 /* FilterConditions */,
			);
			path = ValueObject;
			sourceTree = "<group>";
		};
		333FE2A325515111000C0F0B /* DetailIssueList */ = {
			isa = PBXGroup;
			children = (
				333FE2A42551513F000C0F0B /* DetailIssueList.storyboard */,
				333FE2A925515167000C0F0B /* DetailIssueListController.swift */,
			);
			path = DetailIssueList;
			sourceTree = "<group>";
		};
		33493B552557CE0A00BB1E11 /* SearchBar */ = {
			isa = PBXGroup;
			children = (
				3393E0CB255301CA003DCDA4 /* CustomSearchBar.swift */,
			);
			path = SearchBar;
			sourceTree = "<group>";
		};
		33493BA9255849D900BB1E11 /* MockService */ = {
			isa = PBXGroup;
			children = (
				33493B9C2558449000BB1E11 /* MockRouter.swift */,
				33493BAA255849F200BB1E11 /* JsonFactory.swift */,
			);
			path = MockService;
			sourceTree = "<group>";
		};
		3358A589254EDEDA008CEFA3 /* SignIn */ = {
			isa = PBXGroup;
			children = (
				33375C3D2547E70E00E8A8E8 /* SignInController.swift */,
			);
			path = SignIn;
			sourceTree = "<group>";
		};
		3358A58D254EDEED008CEFA3 /* IssueList */ = {
			isa = PBXGroup;
			children = (
				719453B2254AAF6600A5864E /* IssueList.storyboard */,
				71531F56254A859F00CCFAE2 /* IssueListViewController.swift */,
			);
			path = IssueList;
			sourceTree = "<group>";
		};
		3358A58E254EDEFF008CEFA3 /* Filter */ = {
			isa = PBXGroup;
			children = (
				3358A580254ED7D3008CEFA3 /* Filter.storyboard */,
				33151F3D254A6464006B94A9 /* FilteringController.swift */,
				33151F42254A6E55006B94A9 /* FilteringTableViewController.swift */,
				3358A592254EEBDF008CEFA3 /* DetailConditionTableViewController.swift */,
			);
			path = Filter;
			sourceTree = "<group>";
		};
		3358A5BF254FE68C008CEFA3 /* UserInfo */ = {
			isa = PBXGroup;
			children = (
				339892A025497CB400D9FB63 /* UserDefault.swift */,
				339892B12549876B00D9FB63 /* UserInfo.swift */,
			);
			path = UserInfo;
			sourceTree = "<group>";
		};
		3358A5DD2550382E008CEFA3 /* FilterConditions */ = {
			isa = PBXGroup;
			children = (
				3358A5C9254FE86B008CEFA3 /* Author.swift */,
				3358A5B1254FE462008CEFA3 /* Milestone.swift */,
				3358A5AC254FDDFB008CEFA3 /* Label.swift */,
				3358A5B9254FE5AD008CEFA3 /* Assignees.swift */,
				3322CF7D25539E3B0022ABA6 /* Comment.swift */,
			);
			path = FilterConditions;
			sourceTree = "<group>";
		};
		3393E0A2255249EB003DCDA4 /* CardView */ = {
			isa = PBXGroup;
			children = (
				3393E09925523D38003DCDA4 /* CardView.xib */,
				3393E09425523D29003DCDA4 /* CardView.swift */,
			);
			path = CardView;
			sourceTree = "<group>";
		};
		3393E0A6255253C2003DCDA4 /* AppleSignInButton */ = {
			isa = PBXGroup;
			children = (
				3322CFA92553B8900022ABA6 /* AppleSignInButton.swift */,
			);
			path = AppleSignInButton;
			sourceTree = "<group>";
		};
		3393E0D025530B0B003DCDA4 /* Cell */ = {
			isa = PBXGroup;
			children = (
				339F611D2553FF7B00FDB2A9 /* DetailIssueCell.swift */,
				3393E0D125530B33003DCDA4 /* IssueCell.swift */,
				33493B48255662B100BB1E11 /* IssueCellContentView.swift */,
				33493B4D2556632800BB1E11 /* IssueCellContentView.xib */,
			);
			path = Cell;
			sourceTree = "<group>";
		};
		33BD8DE2254994A700537960 /* Network */ = {
			isa = PBXGroup;
			children = (
				33493BA9255849D900BB1E11 /* MockService */,
				3328A986254B15C000126761 /* Service */,
				3328A97D254B153E00126761 /* EndPoint */,
			);
			path = Network;
			sourceTree = "<group>";
		};
		33BD8DE32549950000537960 /* OAuth */ = {
			isa = PBXGroup;
			children = (
				33375CB02548595700E8A8E8 /* OAuthManager.swift */,
				33375C862547F34A00E8A8E8 /* BackEndOAuthManager.swift */,
			);
			path = OAuth;
			sourceTree = "<group>";
		};
		33BD8DE42549955300537960 /* APIManager */ = {
			isa = PBXGroup;
			children = (
				33BD8DE52549956B00537960 /* BackEndAPIManager.swift */,
			);
			path = APIManager;
			sourceTree = "<group>";
		};
		712CBE9F255002D100E8F95F /* RegisterIssue */ = {
			isa = PBXGroup;
			children = (
				712CBEA02550032F00E8F95F /* RegisterIssue.storyboard */,
				712CBEA5255008B700E8F95F /* RegisterIssueViewController.swift */,
			);
			path = RegisterIssue;
			sourceTree = "<group>";
		};
		7130A68E2551636900EE2141 /* ManageLabel */ = {
			isa = PBXGroup;
			children = (
				7130A68F255163A700EE2141 /* ManageLabel.storyboard */,
				7130A69425516AC500EE2141 /* ManageLabelViewController.swift */,
				7130A69F25527E8900EE2141 /* ManageLabelModalView.swift */,
				7130A6B425528B2D00EE2141 /* ManageLabelModalViewController.swift */,
			);
			path = ManageLabel;
			sourceTree = "<group>";
		};
		71531F5E254A88E100CCFAE2 /* Extension */ = {
			isa = PBXGroup;
			children = (
				71531F5F254A88F000CCFAE2 /* UIButton+.swift */,
				3393E0AB2552698C003DCDA4 /* UIView+.swift */,
				333FE2982551214A000C0F0B /* RegParser.swift */,
				7130A6CB2552A2A700EE2141 /* UIColor+.swift */,
				718C38A42553FC3F002E4903 /* String+.swift */,
				718C38A92553FC5C002E4903 /* UITextField+.swift */,
			);
			path = Extension;
			sourceTree = "<group>";
		};
		718C388C2553E6D2002E4903 /* ManageMilestone */ = {
			isa = PBXGroup;
			children = (
				718C388D2553E6E1002E4903 /* ManageMilestone.storyboard */,
				718C38922553E6FB002E4903 /* ManageMilestoneViewController.swift */,
				718C38972553E716002E4903 /* ManageMilestoneModalView.swift */,
				718C389C2553E72E002E4903 /* ManageMilestoneModalViewController.swift */,
			);
			path = ManageMilestone;
			sourceTree = "<group>";
		};
/* End PBXGroup section */

/* Begin PBXNativeTarget section */
		33375C352547E70E00E8A8E8 /* IssueTracker */ = {
			isa = PBXNativeTarget;
			buildConfigurationList = 33375C602547E71000E8A8E8 /* Build configuration list for PBXNativeTarget "IssueTracker" */;
			buildPhases = (
				33375C322547E70E00E8A8E8 /* Sources */,
				33375C332547E70E00E8A8E8 /* Frameworks */,
				33375C342547E70E00E8A8E8 /* Resources */,
			);
			buildRules = (
			);
			dependencies = (
			);
			name = IssueTracker;
			packageProductDependencies = (
				71969BDD25510D4F00C96CE2 /* MarkdownView */,
			);
			productName = IssueTracker;
			productReference = 33375C362547E70E00E8A8E8 /* IssueTracker.app */;
			productType = "com.apple.product-type.application";
		};
		33375C4B2547E71000E8A8E8 /* IssueTrackerTests */ = {
			isa = PBXNativeTarget;
			buildConfigurationList = 33375C632547E71000E8A8E8 /* Build configuration list for PBXNativeTarget "IssueTrackerTests" */;
			buildPhases = (
				33375C482547E71000E8A8E8 /* Sources */,
				33375C492547E71000E8A8E8 /* Frameworks */,
				33375C4A2547E71000E8A8E8 /* Resources */,
			);
			buildRules = (
			);
			dependencies = (
				33375C4E2547E71000E8A8E8 /* PBXTargetDependency */,
			);
			name = IssueTrackerTests;
			productName = IssueTrackerTests;
			productReference = 33375C4C2547E71000E8A8E8 /* IssueTrackerTests.xctest */;
			productType = "com.apple.product-type.bundle.unit-test";
		};
		33375C562547E71000E8A8E8 /* IssueTrackerUITests */ = {
			isa = PBXNativeTarget;
			buildConfigurationList = 33375C662547E71000E8A8E8 /* Build configuration list for PBXNativeTarget "IssueTrackerUITests" */;
			buildPhases = (
				33375C532547E71000E8A8E8 /* Sources */,
				33375C542547E71000E8A8E8 /* Frameworks */,
				33375C552547E71000E8A8E8 /* Resources */,
			);
			buildRules = (
			);
			dependencies = (
				33375C592547E71000E8A8E8 /* PBXTargetDependency */,
			);
			name = IssueTrackerUITests;
			productName = IssueTrackerUITests;
			productReference = 33375C572547E71000E8A8E8 /* IssueTrackerUITests.xctest */;
			productType = "com.apple.product-type.bundle.ui-testing";
		};
/* End PBXNativeTarget section */

/* Begin PBXProject section */
		33375C2E2547E70E00E8A8E8 /* Project object */ = {
			isa = PBXProject;
			attributes = {
				LastSwiftUpdateCheck = 1200;
				LastUpgradeCheck = 1200;
				TargetAttributes = {
					33375C352547E70E00E8A8E8 = {
						CreatedOnToolsVersion = 12.0.1;
					};
					33375C4B2547E71000E8A8E8 = {
						CreatedOnToolsVersion = 12.0.1;
						TestTargetID = 33375C352547E70E00E8A8E8;
					};
					33375C562547E71000E8A8E8 = {
						CreatedOnToolsVersion = 12.0.1;
						TestTargetID = 33375C352547E70E00E8A8E8;
					};
				};
			};
			buildConfigurationList = 33375C312547E70E00E8A8E8 /* Build configuration list for PBXProject "IssueTracker" */;
			compatibilityVersion = "Xcode 9.3";
			developmentRegion = en;
			hasScannedForEncodings = 0;
			knownRegions = (
				en,
				Base,
			);
			mainGroup = 33375C2D2547E70E00E8A8E8;
			packageReferences = (
				71969BDC25510D4F00C96CE2 /* XCRemoteSwiftPackageReference "MarkdownView" */,
			);
			productRefGroup = 33375C372547E70E00E8A8E8 /* Products */;
			projectDirPath = "";
			projectRoot = "";
			targets = (
				33375C352547E70E00E8A8E8 /* IssueTracker */,
				33375C4B2547E71000E8A8E8 /* IssueTrackerTests */,
				33375C562547E71000E8A8E8 /* IssueTrackerUITests */,
			);
		};
/* End PBXProject section */

/* Begin PBXResourcesBuildPhase section */
		33375C342547E70E00E8A8E8 /* Resources */ = {
			isa = PBXResourcesBuildPhase;
			buildActionMask = 2147483647;
			files = (
				719453B3254AAF6600A5864E /* IssueList.storyboard in Resources */,
				33151F2725499E04006B94A9 /* NanumSquareBold.ttf in Resources */,
				718C388E2553E6E1002E4903 /* ManageMilestone.storyboard in Resources */,
				3393E09A25523D38003DCDA4 /* CardView.xib in Resources */,
				7130A690255163A700EE2141 /* ManageLabel.storyboard in Resources */,
				3358A581254ED7D3008CEFA3 /* Filter.storyboard in Resources */,
				33151F2825499E04006B94A9 /* NanumSquareLight.ttf in Resources */,
				33375C462547E71000E8A8E8 /* LaunchScreen.storyboard in Resources */,
				712CBEA12550032F00E8F95F /* RegisterIssue.storyboard in Resources */,
				33151F2A25499E04006B94A9 /* NanumSquareRegular.ttf in Resources */,
				33375C432547E71000E8A8E8 /* Assets.xcassets in Resources */,
				33375C412547E70E00E8A8E8 /* Main.storyboard in Resources */,
				33151F2925499E04006B94A9 /* NanumSquareOTF_acEB.otf in Resources */,
				33493B4E2556632800BB1E11 /* IssueCellContentView.xib in Resources */,
				333FE2A52551513F000C0F0B /* DetailIssueList.storyboard in Resources */,
			);
			runOnlyForDeploymentPostprocessing = 0;
		};
		33375C4A2547E71000E8A8E8 /* Resources */ = {
			isa = PBXResourcesBuildPhase;
			buildActionMask = 2147483647;
			files = (
			);
			runOnlyForDeploymentPostprocessing = 0;
		};
		33375C552547E71000E8A8E8 /* Resources */ = {
			isa = PBXResourcesBuildPhase;
			buildActionMask = 2147483647;
			files = (
			);
			runOnlyForDeploymentPostprocessing = 0;
		};
/* End PBXResourcesBuildPhase section */

/* Begin PBXSourcesBuildPhase section */
		33375C322547E70E00E8A8E8 /* Sources */ = {
			isa = PBXSourcesBuildPhase;
			buildActionMask = 2147483647;
			files = (
				33375C3E2547E70E00E8A8E8 /* SignInController.swift in Sources */,
				33375C8C2547F59500E8A8E8 /* Router.swift in Sources */,
				3328A979254B14F600126761 /* EndPointable.swift in Sources */,
				3358A5BA254FE5AD008CEFA3 /* Assignees.swift in Sources */,
				33375C872547F34A00E8A8E8 /* BackEndOAuthManager.swift in Sources */,
				718C38AA2553FC5C002E4903 /* UITextField+.swift in Sources */,
				33493B9D2558449000BB1E11 /* MockRouter.swift in Sources */,
				33375CB12548595700E8A8E8 /* OAuthManager.swift in Sources */,
				33375C3A2547E70E00E8A8E8 /* AppDelegate.swift in Sources */,
				712CBEA6255008B700E8F95F /* RegisterIssueViewController.swift in Sources */,
				3358A57C254ED757008CEFA3 /* StoryboardID.swift in Sources */,
				333FE2AA25515167000C0F0B /* DetailIssueListController.swift in Sources */,
				718C38A52553FC3F002E4903 /* String+.swift in Sources */,
				7130A6A025527E8900EE2141 /* ManageLabelModalView.swift in Sources */,
				7130A69525516AC500EE2141 /* ManageLabelViewController.swift in Sources */,
				3322CF7E25539E3B0022ABA6 /* Comment.swift in Sources */,
				3358A593254EEBDF008CEFA3 /* DetailConditionTableViewController.swift in Sources */,
				718C389D2553E72E002E4903 /* ManageMilestoneModalViewController.swift in Sources */,
				3358A57C254ED757008CEFA3 /* StoryboardID.swift in Sources */,
				3393E0AC2552698C003DCDA4 /* UIView+.swift in Sources */,
				33493B49255662B100BB1E11 /* IssueCellContentView.swift in Sources */,
				3358A574254D1D5F008CEFA3 /* BackEndAPI.swift in Sources */,
				339F611E2553FF7B00FDB2A9 /* DetailIssueCell.swift in Sources */,
				33493BAB255849F200BB1E11 /* JsonFactory.swift in Sources */,
				3393E0BD2552AACC003DCDA4 /* IssueInfo.swift in Sources */,
				333FE28D25510BEC000C0F0B /* APICredentials.swift in Sources */,
				3393E0D225530B33003DCDA4 /* IssueCell.swift in Sources */,
				333FE2992551214A000C0F0B /* RegParser.swift in Sources */,
				3358A5AD254FDDFB008CEFA3 /* Label.swift in Sources */,
				33151F43254A6E55006B94A9 /* FilteringTableViewController.swift in Sources */,
				3358A5CA254FE86B008CEFA3 /* Author.swift in Sources */,
				3393E0CC255301CB003DCDA4 /* CustomSearchBar.swift in Sources */,
				3358A5C5254FE724008CEFA3 /* FilterInfo.swift in Sources */,
				3358A5B2254FE462008CEFA3 /* Milestone.swift in Sources */,
				33151F3E254A6464006B94A9 /* FilteringController.swift in Sources */,
				718C38932553E6FB002E4903 /* ManageMilestoneViewController.swift in Sources */,
				33BD8DD3254989E100537960 /* NotificationName.swift in Sources */,
				33375C3C2547E70E00E8A8E8 /* SceneDelegate.swift in Sources */,
				33493BA2255844D700BB1E11 /* Routable.swift in Sources */,
				33BD8DE62549956B00537960 /* BackEndAPIManager.swift in Sources */,
				33A108E32553DF54007F1BB2 /* DetailIssueInfo.swift in Sources */,
				71531F57254A859F00CCFAE2 /* IssueListViewController.swift in Sources */,
				7130A6B525528B2D00EE2141 /* ManageLabelModalViewController.swift in Sources */,
				7130A6D12552CD0F00EE2141 /* InputValidator.swift in Sources */,
				339892B22549876B00D9FB63 /* UserInfo.swift in Sources */,
				7130A6CC2552A2A700EE2141 /* UIColor+.swift in Sources */,
				718C38982553E716002E4903 /* ManageMilestoneModalView.swift in Sources */,
				3322CFAA2553B8900022ABA6 /* AppleSignInButton.swift in Sources */,
				339892A125497CB400D9FB63 /* UserDefault.swift in Sources */,
				3393E09525523D29003DCDA4 /* CardView.swift in Sources */,
				71531F60254A88F000CCFAE2 /* UIButton+.swift in Sources */,
			);
			runOnlyForDeploymentPostprocessing = 0;
		};
		33375C482547E71000E8A8E8 /* Sources */ = {
			isa = PBXSourcesBuildPhase;
			buildActionMask = 2147483647;
			files = (
				33493BD82558593700BB1E11 /* Author.swift in Sources */,
				33493BC8255858AD00BB1E11 /* FilterInfo.swift in Sources */,
				33BD8DDE25498E0300537960 /* UserDefault.swift in Sources */,
				33493B90255833FE00BB1E11 /* OAuthManager.swift in Sources */,
				33493BC02558589200BB1E11 /* Routable.swift in Sources */,
				33493BB92558581D00BB1E11 /* JsonFactory.swift in Sources */,
				33493B982558340B00BB1E11 /* IssueListViewController.swift in Sources */,
				33493BF82558599600BB1E11 /* DetailConditionTableViewController.swift in Sources */,
				33493BB52558581A00BB1E11 /* MockRouter.swift in Sources */,
				33493BCC255858B200BB1E11 /* APICredentials.swift in Sources */,
				33493BF02558597200BB1E11 /* UIButton+.swift in Sources */,
				33493BE42558594000BB1E11 /* Comment.swift in Sources */,
				33493BE82558596500BB1E11 /* NotificationName.swift in Sources */,
				33493B942558340200BB1E11 /* BackEndOAuthManager.swift in Sources */,
				33493BEC2558596B00BB1E11 /* FilteringController.swift in Sources */,
				33493B8C255833A100BB1E11 /* BackEndAPI.swift in Sources */,
				33375C512547E71000E8A8E8 /* IssueTrackerTests.swift in Sources */,
				33493B882558339F00BB1E11 /* EndPointable.swift in Sources */,
				33493B842558339600BB1E11 /* BackEndAPIManager.swift in Sources */,
				33BD8DDA25498DC000537960 /* UserInfo.swift in Sources */,
				33493BD42558592C00BB1E11 /* Label.swift in Sources */,
				33493BF42558598000BB1E11 /* FilteringTableViewController.swift in Sources */,
				33493BE02558593E00BB1E11 /* Assignees.swift in Sources */,
				3398929925493ADD00D9FB63 /* Router.swift in Sources */,
				33493BD0255858B800BB1E11 /* IssueCell.swift in Sources */,
				33493BDC2558593A00BB1E11 /* Milestone.swift in Sources */,
				33493BC4255858A000BB1E11 /* IssueInfo.swift in Sources */,
			);
			runOnlyForDeploymentPostprocessing = 0;
		};
		33375C532547E71000E8A8E8 /* Sources */ = {
			isa = PBXSourcesBuildPhase;
			buildActionMask = 2147483647;
			files = (
				33375C5C2547E71000E8A8E8 /* IssueTrackerUITests.swift in Sources */,
			);
			runOnlyForDeploymentPostprocessing = 0;
		};
/* End PBXSourcesBuildPhase section */

/* Begin PBXTargetDependency section */
		33375C4E2547E71000E8A8E8 /* PBXTargetDependency */ = {
			isa = PBXTargetDependency;
			target = 33375C352547E70E00E8A8E8 /* IssueTracker */;
			targetProxy = 33375C4D2547E71000E8A8E8 /* PBXContainerItemProxy */;
		};
		33375C592547E71000E8A8E8 /* PBXTargetDependency */ = {
			isa = PBXTargetDependency;
			target = 33375C352547E70E00E8A8E8 /* IssueTracker */;
			targetProxy = 33375C582547E71000E8A8E8 /* PBXContainerItemProxy */;
		};
/* End PBXTargetDependency section */

/* Begin PBXVariantGroup section */
		33375C3F2547E70E00E8A8E8 /* Main.storyboard */ = {
			isa = PBXVariantGroup;
			children = (
				33375C402547E70E00E8A8E8 /* Base */,
			);
			name = Main.storyboard;
			sourceTree = "<group>";
		};
		33375C442547E71000E8A8E8 /* LaunchScreen.storyboard */ = {
			isa = PBXVariantGroup;
			children = (
				33375C452547E71000E8A8E8 /* Base */,
			);
			name = LaunchScreen.storyboard;
			sourceTree = "<group>";
		};
/* End PBXVariantGroup section */

/* Begin XCBuildConfiguration section */
		33375C5E2547E71000E8A8E8 /* Debug */ = {
			isa = XCBuildConfiguration;
			buildSettings = {
				ALWAYS_SEARCH_USER_PATHS = NO;
				CLANG_ANALYZER_NONNULL = YES;
				CLANG_ANALYZER_NUMBER_OBJECT_CONVERSION = YES_AGGRESSIVE;
				CLANG_CXX_LANGUAGE_STANDARD = "gnu++14";
				CLANG_CXX_LIBRARY = "libc++";
				CLANG_ENABLE_MODULES = YES;
				CLANG_ENABLE_OBJC_ARC = YES;
				CLANG_ENABLE_OBJC_WEAK = YES;
				CLANG_WARN_BLOCK_CAPTURE_AUTORELEASING = YES;
				CLANG_WARN_BOOL_CONVERSION = YES;
				CLANG_WARN_COMMA = YES;
				CLANG_WARN_CONSTANT_CONVERSION = YES;
				CLANG_WARN_DEPRECATED_OBJC_IMPLEMENTATIONS = YES;
				CLANG_WARN_DIRECT_OBJC_ISA_USAGE = YES_ERROR;
				CLANG_WARN_DOCUMENTATION_COMMENTS = YES;
				CLANG_WARN_EMPTY_BODY = YES;
				CLANG_WARN_ENUM_CONVERSION = YES;
				CLANG_WARN_INFINITE_RECURSION = YES;
				CLANG_WARN_INT_CONVERSION = YES;
				CLANG_WARN_NON_LITERAL_NULL_CONVERSION = YES;
				CLANG_WARN_OBJC_IMPLICIT_RETAIN_SELF = YES;
				CLANG_WARN_OBJC_LITERAL_CONVERSION = YES;
				CLANG_WARN_OBJC_ROOT_CLASS = YES_ERROR;
				CLANG_WARN_QUOTED_INCLUDE_IN_FRAMEWORK_HEADER = YES;
				CLANG_WARN_RANGE_LOOP_ANALYSIS = YES;
				CLANG_WARN_STRICT_PROTOTYPES = YES;
				CLANG_WARN_SUSPICIOUS_MOVE = YES;
				CLANG_WARN_UNGUARDED_AVAILABILITY = YES_AGGRESSIVE;
				CLANG_WARN_UNREACHABLE_CODE = YES;
				CLANG_WARN__DUPLICATE_METHOD_MATCH = YES;
				COPY_PHASE_STRIP = NO;
				DEBUG_INFORMATION_FORMAT = dwarf;
				ENABLE_STRICT_OBJC_MSGSEND = YES;
				ENABLE_TESTABILITY = YES;
				GCC_C_LANGUAGE_STANDARD = gnu11;
				GCC_DYNAMIC_NO_PIC = NO;
				GCC_NO_COMMON_BLOCKS = YES;
				GCC_OPTIMIZATION_LEVEL = 0;
				GCC_PREPROCESSOR_DEFINITIONS = (
					"DEBUG=1",
					"$(inherited)",
				);
				GCC_WARN_64_TO_32_BIT_CONVERSION = YES;
				GCC_WARN_ABOUT_RETURN_TYPE = YES_ERROR;
				GCC_WARN_UNDECLARED_SELECTOR = YES;
				GCC_WARN_UNINITIALIZED_AUTOS = YES_AGGRESSIVE;
				GCC_WARN_UNUSED_FUNCTION = YES;
				GCC_WARN_UNUSED_VARIABLE = YES;
				IPHONEOS_DEPLOYMENT_TARGET = 14.0;
				MTL_ENABLE_DEBUG_INFO = INCLUDE_SOURCE;
				MTL_FAST_MATH = YES;
				ONLY_ACTIVE_ARCH = YES;
				SDKROOT = iphoneos;
				SWIFT_ACTIVE_COMPILATION_CONDITIONS = DEBUG;
				SWIFT_OPTIMIZATION_LEVEL = "-Onone";
			};
			name = Debug;
		};
		33375C5F2547E71000E8A8E8 /* Release */ = {
			isa = XCBuildConfiguration;
			buildSettings = {
				ALWAYS_SEARCH_USER_PATHS = NO;
				CLANG_ANALYZER_NONNULL = YES;
				CLANG_ANALYZER_NUMBER_OBJECT_CONVERSION = YES_AGGRESSIVE;
				CLANG_CXX_LANGUAGE_STANDARD = "gnu++14";
				CLANG_CXX_LIBRARY = "libc++";
				CLANG_ENABLE_MODULES = YES;
				CLANG_ENABLE_OBJC_ARC = YES;
				CLANG_ENABLE_OBJC_WEAK = YES;
				CLANG_WARN_BLOCK_CAPTURE_AUTORELEASING = YES;
				CLANG_WARN_BOOL_CONVERSION = YES;
				CLANG_WARN_COMMA = YES;
				CLANG_WARN_CONSTANT_CONVERSION = YES;
				CLANG_WARN_DEPRECATED_OBJC_IMPLEMENTATIONS = YES;
				CLANG_WARN_DIRECT_OBJC_ISA_USAGE = YES_ERROR;
				CLANG_WARN_DOCUMENTATION_COMMENTS = YES;
				CLANG_WARN_EMPTY_BODY = YES;
				CLANG_WARN_ENUM_CONVERSION = YES;
				CLANG_WARN_INFINITE_RECURSION = YES;
				CLANG_WARN_INT_CONVERSION = YES;
				CLANG_WARN_NON_LITERAL_NULL_CONVERSION = YES;
				CLANG_WARN_OBJC_IMPLICIT_RETAIN_SELF = YES;
				CLANG_WARN_OBJC_LITERAL_CONVERSION = YES;
				CLANG_WARN_OBJC_ROOT_CLASS = YES_ERROR;
				CLANG_WARN_QUOTED_INCLUDE_IN_FRAMEWORK_HEADER = YES;
				CLANG_WARN_RANGE_LOOP_ANALYSIS = YES;
				CLANG_WARN_STRICT_PROTOTYPES = YES;
				CLANG_WARN_SUSPICIOUS_MOVE = YES;
				CLANG_WARN_UNGUARDED_AVAILABILITY = YES_AGGRESSIVE;
				CLANG_WARN_UNREACHABLE_CODE = YES;
				CLANG_WARN__DUPLICATE_METHOD_MATCH = YES;
				COPY_PHASE_STRIP = NO;
				DEBUG_INFORMATION_FORMAT = "dwarf-with-dsym";
				ENABLE_NS_ASSERTIONS = NO;
				ENABLE_STRICT_OBJC_MSGSEND = YES;
				GCC_C_LANGUAGE_STANDARD = gnu11;
				GCC_NO_COMMON_BLOCKS = YES;
				GCC_WARN_64_TO_32_BIT_CONVERSION = YES;
				GCC_WARN_ABOUT_RETURN_TYPE = YES_ERROR;
				GCC_WARN_UNDECLARED_SELECTOR = YES;
				GCC_WARN_UNINITIALIZED_AUTOS = YES_AGGRESSIVE;
				GCC_WARN_UNUSED_FUNCTION = YES;
				GCC_WARN_UNUSED_VARIABLE = YES;
				IPHONEOS_DEPLOYMENT_TARGET = 14.0;
				MTL_ENABLE_DEBUG_INFO = NO;
				MTL_FAST_MATH = YES;
				SDKROOT = iphoneos;
				SWIFT_COMPILATION_MODE = wholemodule;
				SWIFT_OPTIMIZATION_LEVEL = "-O";
				VALIDATE_PRODUCT = YES;
			};
			name = Release;
		};
		33375C612547E71000E8A8E8 /* Debug */ = {
			isa = XCBuildConfiguration;
			buildSettings = {
				ASSETCATALOG_COMPILER_APPICON_NAME = AppIcon;
				ASSETCATALOG_COMPILER_GLOBAL_ACCENT_COLOR_NAME = AccentColor;
				CODE_SIGN_ENTITLEMENTS = IssueTracker/IssueTracker.entitlements;
				CODE_SIGN_STYLE = Automatic;
				DEVELOPMENT_TEAM = B3PWYBKFUK;
				INFOPLIST_FILE = IssueTracker/SupportingFile/Info.plist;
				LD_RUNPATH_SEARCH_PATHS = (
					"$(inherited)",
					"@executable_path/Frameworks",
				);
				PRODUCT_BUNDLE_IDENTIFIER = sym.IssueTracker;
				PRODUCT_NAME = "$(TARGET_NAME)";
				SWIFT_VERSION = 5.0;
				TARGETED_DEVICE_FAMILY = "1,2";
			};
			name = Debug;
		};
		33375C622547E71000E8A8E8 /* Release */ = {
			isa = XCBuildConfiguration;
			buildSettings = {
				ASSETCATALOG_COMPILER_APPICON_NAME = AppIcon;
				ASSETCATALOG_COMPILER_GLOBAL_ACCENT_COLOR_NAME = AccentColor;
				CODE_SIGN_ENTITLEMENTS = IssueTracker/IssueTracker.entitlements;
				CODE_SIGN_STYLE = Automatic;
				DEVELOPMENT_TEAM = B3PWYBKFUK;
				INFOPLIST_FILE = IssueTracker/SupportingFile/Info.plist;
				LD_RUNPATH_SEARCH_PATHS = (
					"$(inherited)",
					"@executable_path/Frameworks",
				);
				PRODUCT_BUNDLE_IDENTIFIER = sym.IssueTracker;
				PRODUCT_NAME = "$(TARGET_NAME)";
				SWIFT_VERSION = 5.0;
				TARGETED_DEVICE_FAMILY = "1,2";
			};
			name = Release;
		};
		33375C642547E71000E8A8E8 /* Debug */ = {
			isa = XCBuildConfiguration;
			buildSettings = {
				ALWAYS_EMBED_SWIFT_STANDARD_LIBRARIES = YES;
				BUNDLE_LOADER = "$(TEST_HOST)";
				CODE_SIGN_STYLE = Automatic;
				DEVELOPMENT_TEAM = B3PWYBKFUK;
				INFOPLIST_FILE = IssueTrackerTests/Info.plist;
				IPHONEOS_DEPLOYMENT_TARGET = 14.0;
				LD_RUNPATH_SEARCH_PATHS = (
					"$(inherited)",
					"@executable_path/Frameworks",
					"@loader_path/Frameworks",
				);
				PRODUCT_BUNDLE_IDENTIFIER = sym.IssueTrackerTests;
				PRODUCT_NAME = "$(TARGET_NAME)";
				SWIFT_VERSION = 5.0;
				TARGETED_DEVICE_FAMILY = "1,2";
				TEST_HOST = "$(BUILT_PRODUCTS_DIR)/IssueTracker.app/IssueTracker";
			};
			name = Debug;
		};
		33375C652547E71000E8A8E8 /* Release */ = {
			isa = XCBuildConfiguration;
			buildSettings = {
				ALWAYS_EMBED_SWIFT_STANDARD_LIBRARIES = YES;
				BUNDLE_LOADER = "$(TEST_HOST)";
				CODE_SIGN_STYLE = Automatic;
				DEVELOPMENT_TEAM = B3PWYBKFUK;
				INFOPLIST_FILE = IssueTrackerTests/Info.plist;
				IPHONEOS_DEPLOYMENT_TARGET = 14.0;
				LD_RUNPATH_SEARCH_PATHS = (
					"$(inherited)",
					"@executable_path/Frameworks",
					"@loader_path/Frameworks",
				);
				PRODUCT_BUNDLE_IDENTIFIER = sym.IssueTrackerTests;
				PRODUCT_NAME = "$(TARGET_NAME)";
				SWIFT_VERSION = 5.0;
				TARGETED_DEVICE_FAMILY = "1,2";
				TEST_HOST = "$(BUILT_PRODUCTS_DIR)/IssueTracker.app/IssueTracker";
			};
			name = Release;
		};
		33375C672547E71000E8A8E8 /* Debug */ = {
			isa = XCBuildConfiguration;
			buildSettings = {
				ALWAYS_EMBED_SWIFT_STANDARD_LIBRARIES = YES;
				CODE_SIGN_STYLE = Automatic;
				DEVELOPMENT_TEAM = B3PWYBKFUK;
				INFOPLIST_FILE = IssueTrackerUITests/Info.plist;
				LD_RUNPATH_SEARCH_PATHS = (
					"$(inherited)",
					"@executable_path/Frameworks",
					"@loader_path/Frameworks",
				);
				PRODUCT_BUNDLE_IDENTIFIER = sym.IssueTrackerUITests;
				PRODUCT_NAME = "$(TARGET_NAME)";
				SWIFT_VERSION = 5.0;
				TARGETED_DEVICE_FAMILY = "1,2";
				TEST_TARGET_NAME = IssueTracker;
			};
			name = Debug;
		};
		33375C682547E71000E8A8E8 /* Release */ = {
			isa = XCBuildConfiguration;
			buildSettings = {
				ALWAYS_EMBED_SWIFT_STANDARD_LIBRARIES = YES;
				CODE_SIGN_STYLE = Automatic;
				DEVELOPMENT_TEAM = B3PWYBKFUK;
				INFOPLIST_FILE = IssueTrackerUITests/Info.plist;
				LD_RUNPATH_SEARCH_PATHS = (
					"$(inherited)",
					"@executable_path/Frameworks",
					"@loader_path/Frameworks",
				);
				PRODUCT_BUNDLE_IDENTIFIER = sym.IssueTrackerUITests;
				PRODUCT_NAME = "$(TARGET_NAME)";
				SWIFT_VERSION = 5.0;
				TARGETED_DEVICE_FAMILY = "1,2";
				TEST_TARGET_NAME = IssueTracker;
			};
			name = Release;
		};
/* End XCBuildConfiguration section */

/* Begin XCConfigurationList section */
		33375C312547E70E00E8A8E8 /* Build configuration list for PBXProject "IssueTracker" */ = {
			isa = XCConfigurationList;
			buildConfigurations = (
				33375C5E2547E71000E8A8E8 /* Debug */,
				33375C5F2547E71000E8A8E8 /* Release */,
			);
			defaultConfigurationIsVisible = 0;
			defaultConfigurationName = Release;
		};
		33375C602547E71000E8A8E8 /* Build configuration list for PBXNativeTarget "IssueTracker" */ = {
			isa = XCConfigurationList;
			buildConfigurations = (
				33375C612547E71000E8A8E8 /* Debug */,
				33375C622547E71000E8A8E8 /* Release */,
			);
			defaultConfigurationIsVisible = 0;
			defaultConfigurationName = Release;
		};
		33375C632547E71000E8A8E8 /* Build configuration list for PBXNativeTarget "IssueTrackerTests" */ = {
			isa = XCConfigurationList;
			buildConfigurations = (
				33375C642547E71000E8A8E8 /* Debug */,
				33375C652547E71000E8A8E8 /* Release */,
			);
			defaultConfigurationIsVisible = 0;
			defaultConfigurationName = Release;
		};
		33375C662547E71000E8A8E8 /* Build configuration list for PBXNativeTarget "IssueTrackerUITests" */ = {
			isa = XCConfigurationList;
			buildConfigurations = (
				33375C672547E71000E8A8E8 /* Debug */,
				33375C682547E71000E8A8E8 /* Release */,
			);
			defaultConfigurationIsVisible = 0;
			defaultConfigurationName = Release;
		};
/* End XCConfigurationList section */

/* Begin XCRemoteSwiftPackageReference section */
		71969BDC25510D4F00C96CE2 /* XCRemoteSwiftPackageReference "MarkdownView" */ = {
			isa = XCRemoteSwiftPackageReference;
			repositoryURL = "https://github.com/keitaoouchi/MarkdownView";
			requirement = {
				kind = upToNextMajorVersion;
				minimumVersion = 1.7.1;
			};
		};
/* End XCRemoteSwiftPackageReference section */

/* Begin XCSwiftPackageProductDependency section */
		71969BDD25510D4F00C96CE2 /* MarkdownView */ = {
			isa = XCSwiftPackageProductDependency;
			package = 71969BDC25510D4F00C96CE2 /* XCRemoteSwiftPackageReference "MarkdownView" */;
			productName = MarkdownView;
		};
/* End XCSwiftPackageProductDependency section */
	};
	rootObject = 33375C2E2547E70E00E8A8E8 /* Project object */;
}
